# THIS IS AN AUTOGENERATED FILE. DO NOT EDIT THIS FILE DIRECTLY.
# yarn lockfile v1


"JSV@>= 4.0.x":
  version "4.0.2"
  resolved "http://10.213.42.227:11222/JSV/-/JSV-4.0.2.tgz#d077f6825571f82132f9dffaed587b4029feff57"

abbrev@1, abbrev@1.0.x:
  version "1.0.9"
  resolved "http://10.213.42.227:11222/abbrev/-/abbrev-1.0.9.tgz#91b4792588a7738c25f35dd6f63752a2f8776135"

align-text@^0.1.1, align-text@^0.1.3:
  version "0.1.4"
  resolved "http://10.213.42.227:11222/align-text/-/align-text-0.1.4.tgz#0cd90a561093f35d0a99256c22b7069433fad117"
  dependencies:
    kind-of "^3.0.2"
    longest "^1.0.1"
    repeat-string "^1.5.2"

amdefine@>=0.0.4:
  version "1.0.1"
  resolved "http://10.213.42.227:11222/amdefine/-/amdefine-1.0.1.tgz#4a5282ac164729e93619bcfd3ad151f817ce91f5"

ansi-escapes@^2.0.0:
  version "2.0.0"
  resolved "http://10.213.42.227:11222/ansi-escapes/-/ansi-escapes-2.0.0.tgz#5bae52be424878dd9783e8910e3fc2922e83c81b"

ansi-escapes@^3.0.0:
  version "3.0.0"
  resolved "http://10.213.42.227:11222/ansi-escapes/-/ansi-escapes-3.0.0.tgz#ec3e8b4e9f8064fc02c3ac9b65f1c275bda8ef92"

ansi-regex@^2.0.0:
  version "2.1.1"
  resolved "http://10.213.42.227:11222/ansi-regex/-/ansi-regex-2.1.1.tgz#c3b33ab5ee360d86e0e628f0468ae7ef27d654df"

ansi-regex@^3.0.0:
  version "3.0.0"
  resolved "http://10.213.42.227:11222/ansi-regex/-/ansi-regex-3.0.0.tgz#ed0317c322064f79466c02966bddb605ab37d998"

ansi-styles@^2.2.1:
  version "2.2.1"
  resolved "http://10.213.42.227:11222/ansi-styles/-/ansi-styles-2.2.1.tgz#b432dd3358b634cf75e1e4664368240533c1ddbe"

ansi-styles@^3.1.0:
  version "3.2.0"
  resolved "http://10.213.42.227:11222/ansi-styles/-/ansi-styles-3.2.0.tgz#c159b8d5be0f9e5a6f346dab94f16ce022161b88"
  dependencies:
    color-convert "^1.9.0"

ansi-styles@~1.0.0:
  version "1.0.0"
  resolved "http://10.213.42.227:11222/ansi-styles/-/ansi-styles-1.0.0.tgz#cb102df1c56f5123eab8b67cd7b98027a0279178"

argparse@^1.0.2:
  version "1.0.9"
  resolved "http://10.213.42.227:11222/argparse/-/argparse-1.0.9.tgz#73d83bc263f86e97f8cc4f6bae1b0e90a7d22c86"
  dependencies:
    sprintf-js "~1.0.2"

asap@~2.0.3:
  version "2.0.6"
  resolved "http://10.213.42.227:11222/asap/-/asap-2.0.6.tgz#e50347611d7e690943208bbdafebcbc2fb866d46"

assertion-error@^1.0.1:
  version "1.0.2"
  resolved "http://10.213.42.227:11222/assertion-error/-/assertion-error-1.0.2.tgz#13ca515d86206da0bac66e834dd397d87581094c"

async@0.2.x, async@~0.2.9:
  version "0.2.10"
  resolved "http://10.213.42.227:11222/async/-/async-0.2.10.tgz#b6bbe0b0674b9d719708ca38de8c237cb526c3d1"

async@1.x, async@^1.4.0:
  version "1.5.2"
  resolved "http://10.213.42.227:11222/async/-/async-1.5.2.tgz#ec6a61ae56480c0c3cb241c95618e20892f9672a"

babel-runtime@^6.9.2:
  version "6.26.0"
  resolved "http://10.213.42.227:11222/babel-runtime/-/babel-runtime-6.26.0.tgz#965c7058668e82b55d7bfe04ff2337bc8b5647fe"
  dependencies:
    core-js "^2.4.0"
    regenerator-runtime "^0.11.0"

babylon@^6.8.1:
  version "6.18.0"
  resolved "http://10.213.42.227:11222/babylon/-/babylon-6.18.0.tgz#af2f3b88fa6f5c1e4c634d1a0f8eac4f55b395e3"

balanced-match@^1.0.0:
  version "1.0.0"
  resolved "http://10.213.42.227:11222/balanced-match/-/balanced-match-1.0.0.tgz#89b4d199ab2bee49de164ea02b89ce462d71b767"

bluebird@^3.0.5:
  version "3.5.1"
  resolved "http://10.213.42.227:11222/bluebird/-/bluebird-3.5.1.tgz#d9551f9de98f1fcda1e683d17ee91a0602ee2eb9"

brace-expansion@^1.1.7:
  version "1.1.8"
  resolved "http://10.213.42.227:11222/brace-expansion/-/brace-expansion-1.1.8.tgz#c07b211c7c952ec1f8efd51a77ef0d1d3990a292"
  dependencies:
    balanced-match "^1.0.0"
    concat-map "0.0.1"

browser-stdout@1.3.0:
  version "1.3.0"
  resolved "http://10.213.42.227:11222/browser-stdout/-/browser-stdout-1.3.0.tgz#f351d32969d32fa5d7a5567154263d928ae3bd1f"

build@^0.1.4:
  version "0.1.4"
  resolved "http://10.213.42.227:11222/build/-/build-0.1.4.tgz#707fe026ffceddcacbfdcdf356eafda64f151046"
  dependencies:
    cssmin "0.3.x"
    jsmin "1.x"
    jxLoader "*"
    moo-server "*"
    promised-io "*"
    timespan "2.x"
    uglify-js "1.x"
    walker "1.x"
    winston "*"
    wrench "1.3.x"

camelcase@^1.0.2:
  version "1.2.1"
  resolved "http://10.213.42.227:11222/camelcase/-/camelcase-1.2.1.tgz#9bb5304d2e0b56698b2c758b08a3eaa9daa58a39"

center-align@^0.1.1:
  version "0.1.3"
  resolved "http://10.213.42.227:11222/center-align/-/center-align-0.1.3.tgz#aa0d32629b6ee972200411cbd4461c907bc2b7ad"
  dependencies:
    align-text "^0.1.3"
    lazy-cache "^1.0.3"

chai@^4.0.1:
  version "4.1.2"
  resolved "http://10.213.42.227:11222/chai/-/chai-4.1.2.tgz#0f64584ba642f0f2ace2806279f4f06ca23ad73c"
  dependencies:
    assertion-error "^1.0.1"
    check-error "^1.0.1"
    deep-eql "^3.0.0"
    get-func-name "^2.0.0"
    pathval "^1.0.0"
    type-detect "^4.0.0"

chalk@^2.0.0:
  version "2.3.0"
  resolved "http://10.213.42.227:11222/chalk/-/chalk-2.3.0.tgz#b5ea48efc9c1793dccc9b4767c93914d3f2d52ba"
  dependencies:
    ansi-styles "^3.1.0"
    escape-string-regexp "^1.0.5"
    supports-color "^4.0.0"

chalk@~0.4.0:
  version "0.4.0"
  resolved "http://10.213.42.227:11222/chalk/-/chalk-0.4.0.tgz#5199a3ddcd0c1efe23bc08c1b027b06176e0c64f"
  dependencies:
    ansi-styles "~1.0.0"
    has-color "~0.1.0"
    strip-ansi "~0.1.0"

chalk@~1.1.0:
  version "1.1.3"
  resolved "http://10.213.42.227:11222/chalk/-/chalk-1.1.3.tgz#a8115c55e4a702fe4d150abd3872822a7e09fc98"
  dependencies:
    ansi-styles "^2.2.1"
    escape-string-regexp "^1.0.2"
    has-ansi "^2.0.0"
    strip-ansi "^3.0.0"
    supports-color "^2.0.0"

check-error@^1.0.1:
  version "1.0.2"
  resolved "http://10.213.42.227:11222/check-error/-/check-error-1.0.2.tgz#574d312edd88bb5dd8912e9286dd6c0aed4aac82"

cli-cursor@^2.1.0:
  version "2.1.0"
  resolved "http://10.213.42.227:11222/cli-cursor/-/cli-cursor-2.1.0.tgz#b35dac376479facc3e94747d41d0d0f5238ffcb5"
  dependencies:
    restore-cursor "^2.0.0"

cli-table@~0.3.1:
  version "0.3.1"
  resolved "http://10.213.42.227:11222/cli-table/-/cli-table-0.3.1.tgz#f53b05266a8b1a0b934b3d0821e6e2dc5914ae23"
  dependencies:
    colors "1.0.3"

cli-width@^2.0.0:
  version "2.2.0"
  resolved "http://10.213.42.227:11222/cli-width/-/cli-width-2.2.0.tgz#ff19ede8a9a5e579324147b0c11f0fbcbabed639"

cli@~1.0.0:
  version "1.0.1"
  resolved "http://10.213.42.227:11222/cli/-/cli-1.0.1.tgz#22817534f24bfa4950c34d532d48ecbc621b8c14"
  dependencies:
    exit "0.1.2"
    glob "^7.1.1"

cliui@^2.1.0:
  version "2.1.0"
  resolved "http://10.213.42.227:11222/cliui/-/cliui-2.1.0.tgz#4b475760ff80264c762c3a1719032e91c7fea0d1"
  dependencies:
    center-align "^0.1.1"
    right-align "^0.1.1"
    wordwrap "0.0.2"

color-convert@^1.9.0:
  version "1.9.0"
  resolved "http://10.213.42.227:11222/color-convert/-/color-convert-1.9.0.tgz#1accf97dd739b983bf994d56fec8f95853641b7a"
  dependencies:
    color-name "^1.1.1"

color-name@^1.1.1:
  version "1.1.3"
  resolved "http://10.213.42.227:11222/color-name/-/color-name-1.1.3.tgz#a7d0558bd89c42f795dd42328f740831ca53bc25"

colors@0.6.x:
  version "0.6.2"
  resolved "http://10.213.42.227:11222/colors/-/colors-0.6.2.tgz#2423fe6678ac0c5dae8852e5d0e5be08c997abcc"

colors@1.0.3:
  version "1.0.3"
  resolved "http://10.213.42.227:11222/colors/-/colors-1.0.3.tgz#0433f44d809680fdeb60ed260f1b0c262e82a40b"

commander@2.11.0:
  version "2.11.0"
  resolved "http://10.213.42.227:11222/commander/-/commander-2.11.0.tgz#157152fd1e7a6c8d98a5b715cf376df928004563"

commander@~2.9.0:
  version "2.9.0"
  resolved "http://10.213.42.227:11222/commander/-/commander-2.9.0.tgz#9c99094176e12240cb22d6c5146098400fe0f7d4"
  dependencies:
    graceful-readlink ">= 1.0.0"

comment-parser@^0.3.1:
  version "0.3.2"
  resolved "http://10.213.42.227:11222/comment-parser/-/comment-parser-0.3.2.tgz#3c03f0776b86a36dfd9a0a2c97c6307f332082fe"
  dependencies:
    readable-stream "^2.0.4"

concat-map@0.0.1:
  version "0.0.1"
  resolved "http://10.213.42.227:11222/concat-map/-/concat-map-0.0.1.tgz#d8a96bd77fd68df7793a73036a3ba0d5405d477b"

console-browserify@1.1.x:
  version "1.1.0"
  resolved "http://10.213.42.227:11222/console-browserify/-/console-browserify-1.1.0.tgz#f0241c45730a9fc6323b206dbf38edc741d0bb10"
  dependencies:
    date-now "^0.1.4"

core-js@^2.4.0:
  version "2.5.1"
  resolved "http://10.213.42.227:11222/core-js/-/core-js-2.5.1.tgz#ae6874dc66937789b80754ff5428df66819ca50b"

core-util-is@~1.0.0:
  version "1.0.2"
  resolved "http://10.213.42.227:11222/core-util-is/-/core-util-is-1.0.2.tgz#b5fd54220aa2bc5ab57aab7140c940754503c1a7"

cssmin@0.3.x:
  version "0.3.2"
  resolved "http://10.213.42.227:11222/cssmin/-/cssmin-0.3.2.tgz#ddce4c547b510ae0d594a8f1fbf8aaf8e2c5c00d"

cst@^0.4.3:
  version "0.4.10"
  resolved "http://10.213.42.227:11222/cst/-/cst-0.4.10.tgz#9c05c825290a762f0a85c0aabb8c0fe035ae8516"
  dependencies:
    babel-runtime "^6.9.2"
    babylon "^6.8.1"
    source-map-support "^0.4.0"

cycle@1.0.x:
  version "1.0.3"
  resolved "http://10.213.42.227:11222/cycle/-/cycle-1.0.3.tgz#21e80b2be8580f98b468f379430662b046c34ad2"

date-now@^0.1.4:
  version "0.1.4"
  resolved "http://10.213.42.227:11222/date-now/-/date-now-0.1.4.tgz#eaf439fd4d4848ad74e5cc7dbef200672b9e345b"

debug@3.1.0:
  version "3.1.0"
  resolved "http://10.213.42.227:11222/debug/-/debug-3.1.0.tgz#5bb5a0672628b64149566ba16819e61518c67261"
  dependencies:
    ms "2.0.0"

decamelize@^1.0.0:
  version "1.2.0"
  resolved "http://10.213.42.227:11222/decamelize/-/decamelize-1.2.0.tgz#f6534d15148269b20352e7bee26f501f9a191290"

deep-eql@^3.0.0:
  version "3.0.1"
  resolved "http://10.213.42.227:11222/deep-eql/-/deep-eql-3.0.1.tgz#dfc9404400ad1c8fe023e7da1df1c147c4b444df"
  dependencies:
    type-detect "^4.0.0"

deep-equal@*:
  version "1.0.1"
  resolved "http://10.213.42.227:11222/deep-equal/-/deep-equal-1.0.1.tgz#f5d260292b660e084eff4cdbc9f08ad3247448b5"

deep-is@~0.1.3:
  version "0.1.3"
  resolved "http://10.213.42.227:11222/deep-is/-/deep-is-0.1.3.tgz#b369d6fb5dbc13eecf524f91b070feedc357cf34"

diff@3.3.1, diff@^3.1.0:
  version "3.3.1"
  resolved "http://10.213.42.227:11222/diff/-/diff-3.3.1.tgz#aa8567a6eed03c531fc89d3f711cd0e5259dec75"

dom-serializer@0:
  version "0.1.0"
  resolved "http://10.213.42.227:11222/dom-serializer/-/dom-serializer-0.1.0.tgz#073c697546ce0780ce23be4a28e293e40bc30c82"
  dependencies:
    domelementtype "~1.1.1"
    entities "~1.1.1"

domelementtype@1:
  version "1.3.0"
  resolved "http://10.213.42.227:11222/domelementtype/-/domelementtype-1.3.0.tgz#b17aed82e8ab59e52dd9c19b1756e0fc187204c2"

domelementtype@~1.1.1:
  version "1.1.3"
  resolved "http://10.213.42.227:11222/domelementtype/-/domelementtype-1.1.3.tgz#bd28773e2642881aec51544924299c5cd822185b"

domhandler@2.3:
  version "2.3.0"
  resolved "http://10.213.42.227:11222/domhandler/-/domhandler-2.3.0.tgz#2de59a0822d5027fabff6f032c2b25a2a8abe738"
  dependencies:
    domelementtype "1"

domutils@1.5:
  version "1.5.1"
  resolved "http://10.213.42.227:11222/domutils/-/domutils-1.5.1.tgz#dcd8488a26f563d61079e48c9f7b7e32373682cf"
  dependencies:
    dom-serializer "0"
    domelementtype "1"

entities@1.0:
  version "1.0.0"
  resolved "http://10.213.42.227:11222/entities/-/entities-1.0.0.tgz#b2987aa3821347fcde642b24fdfc9e4fb712bf26"

entities@~1.1.1:
  version "1.1.1"
  resolved "http://10.213.42.227:11222/entities/-/entities-1.1.1.tgz#6e5c2d0a5621b5dadaecef80b90edfb5cd7772f0"

escape-string-regexp@1.0.5, escape-string-regexp@^1.0.2, escape-string-regexp@^1.0.5:
  version "1.0.5"
  resolved "http://10.213.42.227:11222/escape-string-regexp/-/escape-string-regexp-1.0.5.tgz#1b61c0562190a8dff6ae3bb2cf0200ca130b86d4"

escodegen@1.8.x:
  version "1.8.1"
  resolved "http://10.213.42.227:11222/escodegen/-/escodegen-1.8.1.tgz#5a5b53af4693110bebb0867aa3430dd3b70a1018"
  dependencies:
    esprima "^2.7.1"
    estraverse "^1.9.1"
    esutils "^2.0.2"
    optionator "^0.8.1"
  optionalDependencies:
    source-map "~0.2.0"

esprima@2.7.x, esprima@^2.6.0, esprima@^2.7.1:
  version "2.7.3"
  resolved "http://10.213.42.227:11222/esprima/-/esprima-2.7.3.tgz#96e3b70d5779f6ad49cd032673d1c312767ba581"

estraverse@^1.9.1:
  version "1.9.3"
  resolved "http://10.213.42.227:11222/estraverse/-/estraverse-1.9.3.tgz#af67f2dc922582415950926091a4005d29c9bb44"

estraverse@^4.1.0:
  version "4.2.0"
  resolved "http://10.213.42.227:11222/estraverse/-/estraverse-4.2.0.tgz#0dee3fed31fcd469618ce7342099fc1afa0bdb13"

esutils@^2.0.2:
  version "2.0.2"
  resolved "http://10.213.42.227:11222/esutils/-/esutils-2.0.2.tgz#0abf4f1caa5bcb1f7a9d8acc6dea4faaa04bac9b"

exit@0.1.2, exit@0.1.x, exit@~0.1.2:
  version "0.1.2"
  resolved "http://10.213.42.227:11222/exit/-/exit-0.1.2.tgz#0632638f8d877cc82107d30a0fff1a17cba1cd0c"

external-editor@^2.0.4:
  version "2.0.5"
  resolved "http://10.213.42.227:11222/external-editor/-/external-editor-2.0.5.tgz#52c249a3981b9ba187c7cacf5beb50bf1d91a6bc"
  dependencies:
    iconv-lite "^0.4.17"
    jschardet "^1.4.2"
    tmp "^0.0.33"

eyes@0.1.x:
  version "0.1.8"
  resolved "http://10.213.42.227:11222/eyes/-/eyes-0.1.8.tgz#62cf120234c683785d902348a800ef3e0cc20bc0"

fast-levenshtein@~2.0.4:
  version "2.0.6"
  resolved "http://10.213.42.227:11222/fast-levenshtein/-/fast-levenshtein-2.0.6.tgz#3d8a5c66883a16a30ca8643e851f19baa7797917"

figures@^2.0.0:
  version "2.0.0"
  resolved "http://10.213.42.227:11222/figures/-/figures-2.0.0.tgz#3ab1a2d2a62c8bfb431a0c94cb797a2fce27c962"
  dependencies:
    escape-string-regexp "^1.0.5"

formatio@1.2.0, formatio@^1.2.0:
  version "1.2.0"
  resolved "http://10.213.42.227:11222/formatio/-/formatio-1.2.0.tgz#f3b2167d9068c4698a8d51f4f760a39a54d818eb"
  dependencies:
    samsam "1.x"

fs.realpath@^1.0.0:
  version "1.0.0"
  resolved "http://10.213.42.227:11222/fs.realpath/-/fs.realpath-1.0.0.tgz#1504ad2523158caa40db4a2787cb01411994ea4f"

fuzzy@^0.1.3:
  version "0.1.3"
  resolved "http://10.213.42.227:11222/fuzzy/-/fuzzy-0.1.3.tgz#4c76ec2ff0ac1a36a9dccf9a00df8623078d4ed8"

get-func-name@^2.0.0:
  version "2.0.0"
  resolved "http://10.213.42.227:11222/get-func-name/-/get-func-name-2.0.0.tgz#ead774abee72e20409433a066366023dd6887a41"

glob@7.1.2, glob@^7.0.5, glob@^7.1.1:
  version "7.1.2"
  resolved "http://10.213.42.227:11222/glob/-/glob-7.1.2.tgz#c19c9df9a028702d678612384a6552404c636d15"
  dependencies:
    fs.realpath "^1.0.0"
    inflight "^1.0.4"
    inherits "2"
    minimatch "^3.0.4"
    once "^1.3.0"
    path-is-absolute "^1.0.0"

glob@^5.0.1, glob@^5.0.15:
  version "5.0.15"
  resolved "http://10.213.42.227:11222/glob/-/glob-5.0.15.tgz#1bc936b9e02f4a603fcc222ecf7633d30b8b93b1"
  dependencies:
    inflight "^1.0.4"
    inherits "2"
    minimatch "2 || 3"
    once "^1.3.0"
    path-is-absolute "^1.0.0"

"graceful-readlink@>= 1.0.0":
  version "1.0.1"
  resolved "http://10.213.42.227:11222/graceful-readlink/-/graceful-readlink-1.0.1.tgz#4cafad76bc62f02fa039b2f94e9a3dd3a391a725"

growl@1.10.3:
  version "1.10.3"
  resolved "http://10.213.42.227:11222/growl/-/growl-1.10.3.tgz#1926ba90cf3edfe2adb4927f5880bc22c66c790f"

handlebars@^4.0.1:
  version "4.0.11"
  resolved "http://10.213.42.227:11222/handlebars/-/handlebars-4.0.11.tgz#630a35dfe0294bc281edae6ffc5d329fc7982dcc"
  dependencies:
    async "^1.4.0"
    optimist "^0.6.1"
    source-map "^0.4.4"
  optionalDependencies:
    uglify-js "^2.6"

has-ansi@^2.0.0:
  version "2.0.0"
  resolved "http://10.213.42.227:11222/has-ansi/-/has-ansi-2.0.0.tgz#34f5049ce1ecdf2b0649af3ef24e45ed35416d91"
  dependencies:
    ansi-regex "^2.0.0"

has-color@~0.1.0:
  version "0.1.7"
  resolved "http://10.213.42.227:11222/has-color/-/has-color-0.1.7.tgz#67144a5260c34fc3cca677d041daf52fe7b78b2f"

has-flag@^1.0.0:
  version "1.0.0"
  resolved "http://10.213.42.227:11222/has-flag/-/has-flag-1.0.0.tgz#9d9e793165ce017a00f00418c43f942a7b1d11fa"

has-flag@^2.0.0:
  version "2.0.0"
  resolved "http://10.213.42.227:11222/has-flag/-/has-flag-2.0.0.tgz#e8207af1cc7b30d446cc70b734b5e8be18f88d51"

he@1.1.1:
  version "1.1.1"
  resolved "http://10.213.42.227:11222/he/-/he-1.1.1.tgz#93410fd21b009735151f8868c2f271f3427e23fd"

htmlparser2@3.8.3, htmlparser2@3.8.x:
  version "3.8.3"
  resolved "http://10.213.42.227:11222/htmlparser2/-/htmlparser2-3.8.3.tgz#996c28b191516a8be86501a7d79757e5c70c1068"
  dependencies:
    domelementtype "1"
    domhandler "2.3"
    domutils "1.5"
    entities "1.0"
    readable-stream "1.1"

i@0.3.x:
  version "0.3.6"
  resolved "http://10.213.42.227:11222/i/-/i-0.3.6.tgz#d96c92732076f072711b6b10fd7d4f65ad8ee23d"

iconv-lite@^0.4.17:
  version "0.4.19"
  resolved "http://10.213.42.227:11222/iconv-lite/-/iconv-lite-0.4.19.tgz#f7468f60135f5e5dad3399c0a81be9a1603a082b"

inflight@^1.0.4:
  version "1.0.6"
  resolved "http://10.213.42.227:11222/inflight/-/inflight-1.0.6.tgz#49bd6331d7d02d0c09bc910a1075ba8165b56df9"
  dependencies:
    once "^1.3.0"
    wrappy "1"

inherit@^2.2.2:
  version "2.2.6"
  resolved "http://10.213.42.227:11222/inherit/-/inherit-2.2.6.tgz#f1614b06c8544e8128e4229c86347db73ad9788d"

inherits@2, inherits@2.0.1, inherits@~2.0.1:
  version "2.0.1"
  resolved "http://10.213.42.227:11222/inherits/-/inherits-2.0.1.tgz#b17d08d326b4423e568eff719f91b0b1cbdf69f1"

inherits@~2.0.3:
  version "2.0.3"
  resolved "http://10.213.42.227:11222/inherits/-/inherits-2.0.3.tgz#633c2c83e3da42a502f52466022480f4208261de"

inquirer@3.2.0:
  version "3.2.0"
  resolved "http://10.213.42.227:11222/inquirer/-/inquirer-3.2.0.tgz#45b44c2160c729d7578c54060b3eed94487bb42b"
  dependencies:
    ansi-escapes "^2.0.0"
    chalk "^2.0.0"
    cli-cursor "^2.1.0"
    cli-width "^2.0.0"
    external-editor "^2.0.4"
    figures "^2.0.0"
    lodash "^4.3.0"
    mute-stream "0.0.7"
    run-async "^2.2.0"
    rx-lite "^4.0.8"
    rx-lite-aggregates "^4.0.8"
    string-width "^2.1.0"
    strip-ansi "^4.0.0"
    through "^2.3.6"

is-buffer@^1.1.5:
  version "1.1.6"
  resolved "http://10.213.42.227:11222/is-buffer/-/is-buffer-1.1.6.tgz#efaa2ea9daa0d7ab2ea13a97b2b8ad51fefbe8be"

is-fullwidth-code-point@^2.0.0:
  version "2.0.0"
  resolved "http://10.213.42.227:11222/is-fullwidth-code-point/-/is-fullwidth-code-point-2.0.0.tgz#a3b30a5c4f199183167aaab93beefae3ddfb654f"

is-promise@^2.1.0:
  version "2.1.0"
  resolved "http://10.213.42.227:11222/is-promise/-/is-promise-2.1.0.tgz#79a2a9ece7f096e80f36d2b2f3bc16c1ff4bf3fa"

is-utf8@^0.2.0:
  version "0.2.1"
  resolved "http://10.213.42.227:11222/is-utf8/-/is-utf8-0.2.1.tgz#4b0da1442104d1b336340e80797e865cf39f7d72"

isarray@0.0.1:
  version "0.0.1"
  resolved "http://10.213.42.227:11222/isarray/-/isarray-0.0.1.tgz#8a18acfca9a8f4177e09abfc6038939b05d1eedf"

isarray@~1.0.0:
  version "1.0.0"
  resolved "http://10.213.42.227:11222/isarray/-/isarray-1.0.0.tgz#bb935d48582cba168c06834957a54a3e07124f11"

isexe@^2.0.0:
  version "2.0.0"
  resolved "http://10.213.42.227:11222/isexe/-/isexe-2.0.0.tgz#e8fbf374dc556ff8947a10dcb0572d633f2cfa10"

isstream@0.1.x:
  version "0.1.2"
  resolved "http://10.213.42.227:11222/isstream/-/isstream-0.1.2.tgz#47e63f7af55afa6f92e1500e690eb8b8529c099a"

istanbul@^0.4.5:
  version "0.4.5"
  resolved "http://10.213.42.227:11222/istanbul/-/istanbul-0.4.5.tgz#65c7d73d4c4da84d4f3ac310b918fb0b8033733b"
  dependencies:
    abbrev "1.0.x"
    async "1.x"
    escodegen "1.8.x"
    esprima "2.7.x"
    glob "^5.0.15"
    handlebars "^4.0.1"
    js-yaml "3.x"
    mkdirp "0.5.x"
    nopt "3.x"
    once "1.x"
    resolve "1.1.x"
    supports-color "^3.1.0"
    which "^1.1.1"
    wordwrap "^1.0.0"

js-yaml@0.3.x:
  version "0.3.7"
  resolved "http://10.213.42.227:11222/js-yaml/-/js-yaml-0.3.7.tgz#d739d8ee86461e54b354d6a7d7d1f2ad9a167f62"

js-yaml@3.x, js-yaml@~3.4.0:
  version "3.4.6"
  resolved "http://10.213.42.227:11222/js-yaml/-/js-yaml-3.4.6.tgz#6be1b23f6249f53d293370fd4d1aaa63ce1b4eb0"
  dependencies:
    argparse "^1.0.2"
    esprima "^2.6.0"
    inherit "^2.2.2"

jschardet@^1.4.2:
  version "1.6.0"
  resolved "http://10.213.42.227:11222/jschardet/-/jschardet-1.6.0.tgz#c7d1a71edcff2839db2f9ec30fc5d5ebd3c1a678"

jscs-jsdoc@^2.0.0:
  version "2.0.0"
  resolved "http://10.213.42.227:11222/jscs-jsdoc/-/jscs-jsdoc-2.0.0.tgz#f53ebce029aa3125bd88290ba50d64d4510a4871"
  dependencies:
    comment-parser "^0.3.1"
    jsdoctypeparser "~1.2.0"

jscs-preset-wikimedia@~1.0.0:
  version "1.0.0"
  resolved "http://10.213.42.227:11222/jscs-preset-wikimedia/-/jscs-preset-wikimedia-1.0.0.tgz#fff563342038fc2e8826b7bb7309c3ae3406fc7e"

jscs@^3.0.7:
  version "3.0.7"
  resolved "http://10.213.42.227:11222/jscs/-/jscs-3.0.7.tgz#7141b4dff5b86e32d0e99d764b836767c30d201a"
  dependencies:
    chalk "~1.1.0"
    cli-table "~0.3.1"
    commander "~2.9.0"
    cst "^0.4.3"
    estraverse "^4.1.0"
    exit "~0.1.2"
    glob "^5.0.1"
    htmlparser2 "3.8.3"
    js-yaml "~3.4.0"
    jscs-jsdoc "^2.0.0"
    jscs-preset-wikimedia "~1.0.0"
    jsonlint "~1.6.2"
    lodash "~3.10.0"
    minimatch "~3.0.0"
    natural-compare "~1.2.2"
    pathval "~0.1.1"
    prompt "~0.2.14"
    reserved-words "^0.1.1"
    resolve "^1.1.6"
    strip-bom "^2.0.0"
    strip-json-comments "~1.0.2"
    to-double-quotes "^2.0.0"
    to-single-quotes "^2.0.0"
    vow "~0.4.8"
    vow-fs "~0.3.4"
    xmlbuilder "^3.1.0"

jsdoctypeparser@~1.2.0:
  version "1.2.0"
  resolved "http://10.213.42.227:11222/jsdoctypeparser/-/jsdoctypeparser-1.2.0.tgz#e7dedc153a11849ffc5141144ae86a7ef0c25392"
  dependencies:
    lodash "^3.7.0"

jshint@^2.5.6:
  version "2.9.5"
  resolved "http://10.213.42.227:11222/jshint/-/jshint-2.9.5.tgz#1e7252915ce681b40827ee14248c46d34e9aa62c"
  dependencies:
    cli "~1.0.0"
    console-browserify "1.1.x"
    exit "0.1.x"
    htmlparser2 "3.8.x"
    lodash "3.7.x"
    minimatch "~3.0.2"
    shelljs "0.3.x"
    strip-json-comments "1.0.x"

jsmin@1.x:
  version "1.0.1"
  resolved "http://10.213.42.227:11222/jsmin/-/jsmin-1.0.1.tgz#e7bd0dcd6496c3bf4863235bf461a3d98aa3b98c"

jsonlint@~1.6.2:
  version "1.6.2"
  resolved "http://10.213.42.227:11222/jsonlint/-/jsonlint-1.6.2.tgz#5737045085f55eb455c68b1ff4ebc01bd50e8830"
  dependencies:
    JSV ">= 4.0.x"
    nomnom ">= 1.5.x"

just-extend@^1.1.26:
  version "1.1.27"
  resolved "http://10.213.42.227:11222/just-extend/-/just-extend-1.1.27.tgz#ec6e79410ff914e472652abfa0e603c03d60e905"

jxLoader@*:
  version "0.1.1"
  resolved "http://10.213.42.227:11222/jxLoader/-/jxLoader-0.1.1.tgz#0134ea5144e533b594fc1ff25ff194e235c53ecd"
  dependencies:
    js-yaml "0.3.x"
    moo-server "1.3.x"
    promised-io "*"
    walker "1.x"

kind-of@^3.0.2:
  version "3.2.2"
  resolved "http://10.213.42.227:11222/kind-of/-/kind-of-3.2.2.tgz#31ea21a734bab9bbb0f32466d893aea51e4a3c64"
  dependencies:
    is-buffer "^1.1.5"

lazy-cache@^1.0.3:
  version "1.0.4"
  resolved "http://10.213.42.227:11222/lazy-cache/-/lazy-cache-1.0.4.tgz#a1d78fc3a50474cb80845d3b3b6e1da49a446e8e"

levn@~0.3.0:
  version "0.3.0"
  resolved "http://10.213.42.227:11222/levn/-/levn-0.3.0.tgz#3b09924edf9f083c0490fdd4c0bc4421e04764ee"
  dependencies:
    prelude-ls "~1.1.2"
    type-check "~0.3.2"

lodash.get@^4.4.2:
  version "4.4.2"
  resolved "http://10.213.42.227:11222/lodash.get/-/lodash.get-4.4.2.tgz#2d177f652fa31e939b4438d5341499dfa3825e99"

lodash@3.7.x:
  version "3.7.0"
  resolved "http://10.213.42.227:11222/lodash/-/lodash-3.7.0.tgz#3678bd8ab995057c07ade836ed2ef087da811d45"

lodash@^3.5.0, lodash@^3.7.0, lodash@~3.10.0:
  version "3.10.1"
  resolved "http://10.213.42.227:11222/lodash/-/lodash-3.10.1.tgz#5bf45e8e49ba4189e17d482789dfd15bd140b7b6"

lodash@^4.17.4, lodash@^4.3.0:
  version "4.17.4"
  resolved "http://10.213.42.227:11222/lodash/-/lodash-4.17.4.tgz#78203a4d1c328ae1d86dca6460e369b57f4055ae"

lolex@^1.6.0:
  version "1.6.0"
  resolved "http://10.213.42.227:11222/lolex/-/lolex-1.6.0.tgz#3a9a0283452a47d7439e72731b9e07d7386e49f6"

lolex@^2.1.2:
  version "2.2.0"
  resolved "http://10.213.42.227:11222/lolex/-/lolex-2.2.0.tgz#628af0882dfc6438723b0a98c2966681d2d4e4ff"

longest@^1.0.1:
  version "1.0.1"
  resolved "http://10.213.42.227:11222/longest/-/longest-1.0.1.tgz#30a0b2da38f73770e8294a0d22e6625ed77d0097"

makeerror@1.0.x:
  version "1.0.11"
  resolved "http://10.213.42.227:11222/makeerror/-/makeerror-1.0.11.tgz#e01a5c9109f2af79660e4e8b9587790184f5a96c"
  dependencies:
    tmpl "1.0.x"

mimic-fn@^1.0.0:
  version "1.1.0"
  resolved "http://10.213.42.227:11222/mimic-fn/-/mimic-fn-1.1.0.tgz#e667783d92e89dbd342818b5230b9d62a672ad18"

"minimatch@2 || 3", minimatch@^3.0.4, minimatch@~3.0.0, minimatch@~3.0.2:
  version "3.0.4"
  resolved "http://10.213.42.227:11222/minimatch/-/minimatch-3.0.4.tgz#5166e286457f03306064be5497e8dbb0c3d32083"
  dependencies:
    brace-expansion "^1.1.7"

minimist@0.0.8, minimist@~0.0.1:
  version "0.0.8"
  resolved "http://10.213.42.227:11222/minimist/-/minimist-0.0.8.tgz#857fcabfc3397d2625b8228262e86aa7a011b05d"

mkdirp@0.5.1, mkdirp@0.5.x, mkdirp@0.x.x:
  version "0.5.1"
  resolved "http://10.213.42.227:11222/mkdirp/-/mkdirp-0.5.1.tgz#30057438eac6cf7f8c4767f38648d6697d75c903"
  dependencies:
    minimist "0.0.8"

mocha@^4.0.0:
  version "4.0.1"
  resolved "http://10.213.42.227:11222/mocha/-/mocha-4.0.1.tgz#0aee5a95cf69a4618820f5e51fa31717117daf1b"
  dependencies:
    browser-stdout "1.3.0"
    commander "2.11.0"
    debug "3.1.0"
    diff "3.3.1"
    escape-string-regexp "1.0.5"
    glob "7.1.2"
    growl "1.10.3"
    he "1.1.1"
    mkdirp "0.5.1"
    supports-color "4.4.0"

moo-server@*, moo-server@1.3.x:
  version "1.3.0"
  resolved "http://10.213.42.227:11222/moo-server/-/moo-server-1.3.0.tgz#5dc79569565a10d6efed5439491e69d2392e58f1"

ms@2.0.0:
  version "2.0.0"
  resolved "http://10.213.42.227:11222/ms/-/ms-2.0.0.tgz#5608aeadfc00be6c2901df5f9861788de0d597c8"

mute-stream@0.0.7, mute-stream@~0.0.4:
  version "0.0.7"
  resolved "http://10.213.42.227:11222/mute-stream/-/mute-stream-0.0.7.tgz#3075ce93bc21b8fab43e1bc4da7e8115ed1e7bab"

native-promise-only@^0.8.1:
  version "0.8.1"
  resolved "http://10.213.42.227:11222/native-promise-only/-/native-promise-only-0.8.1.tgz#20a318c30cb45f71fe7adfbf7b21c99c1472ef11"

natural-compare@~1.2.2:
  version "1.2.2"
  resolved "http://10.213.42.227:11222/natural-compare/-/natural-compare-1.2.2.tgz#1f96d60e3141cac1b6d05653ce0daeac763af6aa"

ncp@0.4.x:
  version "0.4.2"
  resolved "http://10.213.42.227:11222/ncp/-/ncp-0.4.2.tgz#abcc6cbd3ec2ed2a729ff6e7c1fa8f01784a8574"

nise@^1.0.1:
  version "1.2.0"
  resolved "http://10.213.42.227:11222/nise/-/nise-1.2.0.tgz#079d6cadbbcb12ba30e38f1c999f36ad4d6baa53"
  dependencies:
    formatio "^1.2.0"
    just-extend "^1.1.26"
    lolex "^1.6.0"
    path-to-regexp "^1.7.0"
    text-encoding "^0.6.4"

"nomnom@>= 1.5.x":
  version "1.8.1"
  resolved "http://10.213.42.227:11222/nomnom/-/nomnom-1.8.1.tgz#2151f722472ba79e50a76fc125bb8c8f2e4dc2a7"
  dependencies:
    chalk "~0.4.0"
    underscore "~1.6.0"

nopt@3.x:
  version "3.0.6"
  resolved "http://10.213.42.227:11222/nopt/-/nopt-3.0.6.tgz#c6465dbf08abcd4db359317f79ac68a646b28ff9"
  dependencies:
    abbrev "1"

once@1.x, once@^1.3.0:
  version "1.4.0"
  resolved "http://10.213.42.227:11222/once/-/once-1.4.0.tgz#583b1aa775961d4b113ac17d9c50baef9dd76bd1"
  dependencies:
    wrappy "1"

onetime@^2.0.0:
  version "2.0.1"
  resolved "http://10.213.42.227:11222/onetime/-/onetime-2.0.1.tgz#067428230fd67443b2794b22bba528b6867962d4"
  dependencies:
    mimic-fn "^1.0.0"

optimist@^0.6.1:
  version "0.6.1"
  resolved "http://10.213.42.227:11222/optimist/-/optimist-0.6.1.tgz#da3ea74686fa21a19a111c326e90eb15a0196686"
  dependencies:
    minimist "~0.0.1"
    wordwrap "~0.0.2"

optionator@^0.8.1:
  version "0.8.2"
  resolved "http://10.213.42.227:11222/optionator/-/optionator-0.8.2.tgz#364c5e409d3f4d6301d6c0b4c05bba50180aeb64"
  dependencies:
    deep-is "~0.1.3"
    fast-levenshtein "~2.0.4"
    levn "~0.3.0"
    prelude-ls "~1.1.2"
    type-check "~0.3.2"
    wordwrap "~1.0.0"

os-tmpdir@~1.0.2:
  version "1.0.2"
  resolved "http://10.213.42.227:11222/os-tmpdir/-/os-tmpdir-1.0.2.tgz#bbe67406c79aa85c5cfec766fe5734555dfa1274"

path-is-absolute@^1.0.0:
  version "1.0.1"
  resolved "http://10.213.42.227:11222/path-is-absolute/-/path-is-absolute-1.0.1.tgz#174b9268735534ffbc7ace6bf53a5a9e1b5c5f5f"

path-parse@^1.0.5:
  version "1.0.5"
  resolved "http://10.213.42.227:11222/path-parse/-/path-parse-1.0.5.tgz#3c1adf871ea9cd6c9431b6ea2bd74a0ff055c4c1"

path-to-regexp@^1.7.0:
  version "1.7.0"
  resolved "http://10.213.42.227:11222/path-to-regexp/-/path-to-regexp-1.7.0.tgz#59fde0f435badacba103a84e9d3bc64e96b9937d"
  dependencies:
    isarray "0.0.1"

pathval@^1.0.0:
  version "1.1.0"
  resolved "http://10.213.42.227:11222/pathval/-/pathval-1.1.0.tgz#b942e6d4bde653005ef6b71361def8727d0645e0"

pathval@~0.1.1:
  version "0.1.1"
  resolved "http://10.213.42.227:11222/pathval/-/pathval-0.1.1.tgz#08f911cdca9cce5942880da7817bc0b723b66d82"

pkginfo@0.3.x:
  version "0.3.1"
  resolved "http://10.213.42.227:11222/pkginfo/-/pkginfo-0.3.1.tgz#5b29f6a81f70717142e09e765bbeab97b4f81e21"

pkginfo@0.x.x:
  version "0.4.1"
  resolved "http://10.213.42.227:11222/pkginfo/-/pkginfo-0.4.1.tgz#b5418ef0439de5425fc4995042dced14fb2a84ff"

prelude-ls@~1.1.2:
  version "1.1.2"
  resolved "http://10.213.42.227:11222/prelude-ls/-/prelude-ls-1.1.2.tgz#21932a549f5e52ffd9a827f570e04be62a97da54"

process-nextick-args@~1.0.6:
  version "1.0.7"
  resolved "http://10.213.42.227:11222/process-nextick-args/-/process-nextick-args-1.0.7.tgz#150e20b756590ad3f91093f25a4f2ad8bff30ba3"

promise@^8.0.0:
  version "8.0.1"
  resolved "http://10.213.42.227:11222/promise/-/promise-8.0.1.tgz#e45d68b00a17647b6da711bf85ed6ed47208f450"
  dependencies:
    asap "~2.0.3"

promised-io@*:
  version "0.3.5"
  resolved "http://10.213.42.227:11222/promised-io/-/promised-io-0.3.5.tgz#4ad217bb3658bcaae9946b17a8668ecd851e1356"

prompt@~0.2.14:
  version "0.2.14"
  resolved "http://10.213.42.227:11222/prompt/-/prompt-0.2.14.tgz#57754f64f543fd7b0845707c818ece618f05ffdc"
  dependencies:
    pkginfo "0.x.x"
    read "1.0.x"
    revalidator "0.1.x"
    utile "0.2.x"
    winston "0.8.x"

read@1.0.x:
  version "1.0.7"
  resolved "http://10.213.42.227:11222/read/-/read-1.0.7.tgz#b3da19bd052431a97671d44a42634adf710b40c4"
  dependencies:
    mute-stream "~0.0.4"

readable-stream@1.1:
  version "1.1.13"
  resolved "http://10.213.42.227:11222/readable-stream/-/readable-stream-1.1.13.tgz#f6eef764f514c89e2b9e23146a75ba106756d23e"
  dependencies:
    core-util-is "~1.0.0"
    inherits "~2.0.1"
    isarray "0.0.1"
    string_decoder "~0.10.x"

readable-stream@^2.0.4:
  version "2.3.3"
  resolved "http://10.213.42.227:11222/readable-stream/-/readable-stream-2.3.3.tgz#368f2512d79f9d46fdfc71349ae7878bbc1eb95c"
  dependencies:
    core-util-is "~1.0.0"
    inherits "~2.0.3"
    isarray "~1.0.0"
    process-nextick-args "~1.0.6"
    safe-buffer "~5.1.1"
    string_decoder "~1.0.3"
    util-deprecate "~1.0.1"

regenerator-runtime@^0.11.0:
  version "0.11.0"
  resolved "http://10.213.42.227:11222/regenerator-runtime/-/regenerator-runtime-0.11.0.tgz#7e54fe5b5ccd5d6624ea6255c3473be090b802e1"

repeat-string@^1.5.2:
  version "1.6.1"
  resolved "http://10.213.42.227:11222/repeat-string/-/repeat-string-1.6.1.tgz#8dcae470e1c88abc2d600fff4a776286da75e637"

reserved-words@^0.1.1:
  version "0.1.2"
  resolved "http://10.213.42.227:11222/reserved-words/-/reserved-words-0.1.2.tgz#00a0940f98cd501aeaaac316411d9adc52b31ab1"

resolve@1.1.x:
  version "1.1.7"
  resolved "http://10.213.42.227:11222/resolve/-/resolve-1.1.7.tgz#203114d82ad2c5ed9e8e0411b3932875e889e97b"

resolve@^1.1.6:
  version "1.5.0"
  resolved "http://10.213.42.227:11222/resolve/-/resolve-1.5.0.tgz#1f09acce796c9a762579f31b2c1cc4c3cddf9f36"
  dependencies:
    path-parse "^1.0.5"

restore-cursor@^2.0.0:
  version "2.0.0"
  resolved "http://10.213.42.227:11222/restore-cursor/-/restore-cursor-2.0.0.tgz#9f7ee287f82fd326d4fd162923d62129eee0dfaf"
  dependencies:
    onetime "^2.0.0"
    signal-exit "^3.0.2"

revalidator@0.1.x:
  version "0.1.8"
  resolved "http://10.213.42.227:11222/revalidator/-/revalidator-0.1.8.tgz#fece61bfa0c1b52a206bd6b18198184bdd523a3b"

right-align@^0.1.1:
  version "0.1.3"
  resolved "http://10.213.42.227:11222/right-align/-/right-align-0.1.3.tgz#61339b722fe6a3515689210d24e14c96148613ef"
  dependencies:
    align-text "^0.1.1"

rimraf@2.x.x:
  version "2.6.2"
  resolved "http://10.213.42.227:11222/rimraf/-/rimraf-2.6.2.tgz#2ed8150d24a16ea8651e6d6ef0f47c4158ce7a36"
  dependencies:
    glob "^7.0.5"

run-async@^2.2.0, run-async@^2.3.0:
  version "2.3.0"
  resolved "http://10.213.42.227:11222/run-async/-/run-async-2.3.0.tgz#0371ab4ae0bdd720d4166d7dfda64ff7a445a6c0"
  dependencies:
    is-promise "^2.1.0"

rx-lite-aggregates@^4.0.8:
  version "4.0.8"
  resolved "http://10.213.42.227:11222/rx-lite-aggregates/-/rx-lite-aggregates-4.0.8.tgz#753b87a89a11c95467c4ac1626c4efc4e05c67be"
  dependencies:
    rx-lite "*"

rx-lite@*, rx-lite@^4.0.8:
  version "4.0.8"
  resolved "http://10.213.42.227:11222/rx-lite/-/rx-lite-4.0.8.tgz#0b1e11af8bc44836f04a6407e92da42467b79444"

safe-buffer@~5.1.0, safe-buffer@~5.1.1:
  version "5.1.1"
  resolved "http://10.213.42.227:11222/safe-buffer/-/safe-buffer-5.1.1.tgz#893312af69b2123def71f57889001671eeb2c853"

samsam@1.x, samsam@^1.1.3:
  version "1.3.0"
  resolved "http://10.213.42.227:11222/samsam/-/samsam-1.3.0.tgz#8d1d9350e25622da30de3e44ba692b5221ab7c50"

shelljs@0.3.x:
  version "0.3.0"
  resolved "http://10.213.42.227:11222/shelljs/-/shelljs-0.3.0.tgz#3596e6307a781544f591f37da618360f31db57b1"

signal-exit@^3.0.2:
  version "3.0.2"
  resolved "http://10.213.42.227:11222/signal-exit/-/signal-exit-3.0.2.tgz#b5fdc08f1287ea1178628e415e25132b73646c6d"

sinon@^3.0.0:
  version "3.3.0"
  resolved "http://10.213.42.227:11222/sinon/-/sinon-3.3.0.tgz#9132111b4bbe13c749c2848210864250165069b1"
  dependencies:
    build "^0.1.4"
    diff "^3.1.0"
    formatio "1.2.0"
    lodash.get "^4.4.2"
    lolex "^2.1.2"
    native-promise-only "^0.8.1"
    nise "^1.0.1"
    path-to-regexp "^1.7.0"
    samsam "^1.1.3"
    text-encoding "0.6.4"
    type-detect "^4.0.0"

source-map-support@^0.4.0:
  version "0.4.18"
  resolved "http://10.213.42.227:11222/source-map-support/-/source-map-support-0.4.18.tgz#0286a6de8be42641338594e97ccea75f0a2c585f"
  dependencies:
    source-map "^0.5.6"

source-map@^0.4.4:
  version "0.4.4"
  resolved "http://10.213.42.227:11222/source-map/-/source-map-0.4.4.tgz#eba4f5da9c0dc999de68032d8b4f76173652036b"
  dependencies:
    amdefine ">=0.0.4"

source-map@^0.5.6, source-map@~0.5.1:
  version "0.5.7"
  resolved "http://10.213.42.227:11222/source-map/-/source-map-0.5.7.tgz#8a039d2d1021d22d1ea14c80d8ea468ba2ef3fcc"

source-map@~0.2.0:
  version "0.2.0"
  resolved "http://10.213.42.227:11222/source-map/-/source-map-0.2.0.tgz#dab73fbcfc2ba819b4de03bd6f6eaa48164b3f9d"
  dependencies:
    amdefine ">=0.0.4"

sprintf-js@~1.0.2:
  version "1.0.3"
  resolved "http://10.213.42.227:11222/sprintf-js/-/sprintf-js-1.0.3.tgz#04e6926f662895354f3dd015203633b857297e2c"

stack-trace@0.0.x:
  version "0.0.10"
  resolved "http://10.213.42.227:11222/stack-trace/-/stack-trace-0.0.10.tgz#547c70b347e8d32b4e108ea1a2a159e5fdde19c0"

string-width@^2.1.0:
  version "2.1.1"
  resolved "http://10.213.42.227:11222/string-width/-/string-width-2.1.1.tgz#ab93f27a8dc13d28cac815c462143a6d9012ae9e"
  dependencies:
    is-fullwidth-code-point "^2.0.0"
    strip-ansi "^4.0.0"

string_decoder@~0.10.x:
  version "0.10.31"
  resolved "http://10.213.42.227:11222/string_decoder/-/string_decoder-0.10.31.tgz#62e203bc41766c6c28c9fc84301dab1c5310fa94"

string_decoder@~1.0.3:
  version "1.0.3"
  resolved "http://10.213.42.227:11222/string_decoder/-/string_decoder-1.0.3.tgz#0fc67d7c141825de94282dd536bec6b9bce860ab"
  dependencies:
    safe-buffer "~5.1.0"

strip-ansi@^3.0.0:
  version "3.0.1"
  resolved "http://10.213.42.227:11222/strip-ansi/-/strip-ansi-3.0.1.tgz#6a385fb8853d952d5ff05d0e8aaf94278dc63dcf"
  dependencies:
    ansi-regex "^2.0.0"

strip-ansi@^4.0.0:
  version "4.0.0"
  resolved "http://10.213.42.227:11222/strip-ansi/-/strip-ansi-4.0.0.tgz#a8479022eb1ac368a871389b635262c505ee368f"
  dependencies:
    ansi-regex "^3.0.0"

strip-ansi@~0.1.0:
  version "0.1.1"
  resolved "http://10.213.42.227:11222/strip-ansi/-/strip-ansi-0.1.1.tgz#39e8a98d044d150660abe4a6808acf70bb7bc991"

strip-bom@^2.0.0:
  version "2.0.0"
  resolved "http://10.213.42.227:11222/strip-bom/-/strip-bom-2.0.0.tgz#6219a85616520491f35788bdbf1447a99c7e6b0e"
  dependencies:
    is-utf8 "^0.2.0"

strip-json-comments@1.0.x, strip-json-comments@~1.0.2:
  version "1.0.4"
  resolved "http://10.213.42.227:11222/strip-json-comments/-/strip-json-comments-1.0.4.tgz#1e15fbcac97d3ee99bf2d73b4c656b082bbafb91"

supports-color@4.4.0:
  version "4.4.0"
  resolved "http://10.213.42.227:11222/supports-color/-/supports-color-4.4.0.tgz#883f7ddabc165142b2a61427f3352ded195d1a3e"
  dependencies:
    has-flag "^2.0.0"

supports-color@^2.0.0:
  version "2.0.0"
  resolved "http://10.213.42.227:11222/supports-color/-/supports-color-2.0.0.tgz#535d045ce6b6363fa40117084629995e9df324c7"

supports-color@^3.1.0:
  version "3.2.3"
  resolved "http://10.213.42.227:11222/supports-color/-/supports-color-3.2.3.tgz#65ac0504b3954171d8a64946b2ae3cbb8a5f54f6"
  dependencies:
    has-flag "^1.0.0"

supports-color@^4.0.0:
  version "4.5.0"
  resolved "http://10.213.42.227:11222/supports-color/-/supports-color-4.5.0.tgz#be7a0de484dec5c5cddf8b3d59125044912f635b"
  dependencies:
    has-flag "^2.0.0"

text-encoding@0.6.4, text-encoding@^0.6.4:
  version "0.6.4"
  resolved "http://10.213.42.227:11222/text-encoding/-/text-encoding-0.6.4.tgz#e399a982257a276dae428bb92845cb71bdc26d19"

through@^2.3.6:
  version "2.3.8"
  resolved "http://10.213.42.227:11222/through/-/through-2.3.8.tgz#0dd4c9ffaabc357960b1b724115d7e0e86a2e1f5"

timespan@2.x:
  version "2.3.0"
  resolved "http://10.213.42.227:11222/timespan/-/timespan-2.3.0.tgz#4902ce040bd13d845c8f59b27e9d59bad6f39929"

tmp@^0.0.33:
  version "0.0.33"
  resolved "http://10.213.42.227:11222/tmp/-/tmp-0.0.33.tgz#6d34335889768d21b2bcda0aa277ced3b1bfadf9"
  dependencies:
    os-tmpdir "~1.0.2"

tmpl@1.0.x:
  version "1.0.4"
  resolved "http://10.213.42.227:11222/tmpl/-/tmpl-1.0.4.tgz#23640dd7b42d00433911140820e5cf440e521dd1"

to-double-quotes@^2.0.0:
  version "2.0.0"
  resolved "http://10.213.42.227:11222/to-double-quotes/-/to-double-quotes-2.0.0.tgz#aaf231d6fa948949f819301bbab4484d8588e4a7"

to-single-quotes@^2.0.0:
  version "2.0.1"
  resolved "http://10.213.42.227:11222/to-single-quotes/-/to-single-quotes-2.0.1.tgz#7cc29151f0f5f2c41946f119f5932fe554170125"

type-check@~0.3.2:
  version "0.3.2"
  resolved "http://10.213.42.227:11222/type-check/-/type-check-0.3.2.tgz#5884cab512cf1d355e3fb784f30804b2b520db72"
  dependencies:
    prelude-ls "~1.1.2"

type-detect@^4.0.0:
  version "4.0.3"
  resolved "http://10.213.42.227:11222/type-detect/-/type-detect-4.0.3.tgz#0e3f2670b44099b0b46c284d136a7ef49c74c2ea"

uglify-js@1.x:
  version "1.3.5"
  resolved "http://10.213.42.227:11222/uglify-js/-/uglify-js-1.3.5.tgz#4b5bfff9186effbaa888e4c9e94bd9fc4c94929d"

uglify-js@^2.6:
  version "2.8.29"
  resolved "http://10.213.42.227:11222/uglify-js/-/uglify-js-2.8.29.tgz#29c5733148057bb4e1f75df35b7a9cb72e6a59dd"
  dependencies:
    source-map "~0.5.1"
    yargs "~3.10.0"
  optionalDependencies:
    uglify-to-browserify "~1.0.0"

uglify-to-browserify@~1.0.0:
  version "1.0.2"
  resolved "http://10.213.42.227:11222/uglify-to-browserify/-/uglify-to-browserify-1.0.2.tgz#6e0924d6bda6b5afe349e39a6d632850a0f882b7"

underscore@~1.6.0:
  version "1.6.0"
  resolved "http://10.213.42.227:11222/underscore/-/underscore-1.6.0.tgz#8b38b10cacdef63337b8b24e4ff86d45aea529a8"

util-deprecate@~1.0.1:
  version "1.0.2"
  resolved "http://10.213.42.227:11222/util-deprecate/-/util-deprecate-1.0.2.tgz#450d4dc9fa70de732762fbd2d4a28981419a0ccf"

util@^0.10.3:
  version "0.10.3"
  resolved "http://10.213.42.227:11222/util/-/util-0.10.3.tgz#7afb1afe50805246489e3db7fe0ed379336ac0f9"
  dependencies:
    inherits "2.0.1"

utile@0.2.x:
  version "0.2.1"
  resolved "http://10.213.42.227:11222/utile/-/utile-0.2.1.tgz#930c88e99098d6220834c356cbd9a770522d90d7"
  dependencies:
    async "~0.2.9"
    deep-equal "*"
    i "0.3.x"
    mkdirp "0.x.x"
    ncp "0.4.x"
    rimraf "2.x.x"

uuid@^2.0.2:
  version "2.0.3"
  resolved "http://10.213.42.227:11222/uuid/-/uuid-2.0.3.tgz#67e2e863797215530dff318e5bf9dcebfd47b21a"

vow-fs@~0.3.4:
  version "0.3.6"
  resolved "http://10.213.42.227:11222/vow-fs/-/vow-fs-0.3.6.tgz#2d4c59be22e2bf2618ddf597ab4baa923be7200d"
  dependencies:
    glob "^7.0.5"
    uuid "^2.0.2"
    vow "^0.4.7"
    vow-queue "^0.4.1"

vow-queue@^0.4.1:
  version "0.4.3"
  resolved "http://10.213.42.227:11222/vow-queue/-/vow-queue-0.4.3.tgz#4ba8f64b56e9212c0dbe57f1405aeebd54cce78d"
  dependencies:
    vow "^0.4.17"

vow@^0.4.17, vow@^0.4.7, vow@~0.4.8:
  version "0.4.17"
  resolved "http://10.213.42.227:11222/vow/-/vow-0.4.17.tgz#b16e08fae58c52f3ebc6875f2441b26a92682904"

walker@1.x:
  version "1.0.7"
  resolved "http://10.213.42.227:11222/walker/-/walker-1.0.7.tgz#2f7f9b8fd10d677262b18a884e28d19618e028fb"
  dependencies:
    makeerror "1.0.x"

which@^1.1.1:
  version "1.3.0"
  resolved "http://10.213.42.227:11222/which/-/which-1.3.0.tgz#ff04bdfc010ee547d780bec38e1ac1c2777d253a"
  dependencies:
    isexe "^2.0.0"

window-size@0.1.0:
  version "0.1.0"
  resolved "http://10.213.42.227:11222/window-size/-/window-size-0.1.0.tgz#5438cd2ea93b202efa3a19fe8887aee7c94f9c9d"

winston@*, winston@0.8.x:
  version "0.8.3"
  resolved "http://10.213.42.227:11222/winston/-/winston-0.8.3.tgz#64b6abf4cd01adcaefd5009393b1d8e8bec19db0"
  dependencies:
    async "0.2.x"
    colors "0.6.x"
    cycle "1.0.x"
    eyes "0.1.x"
    isstream "0.1.x"
    pkginfo "0.3.x"
    stack-trace "0.0.x"

wordwrap@0.0.2:
  version "0.0.2"
  resolved "http://10.213.42.227:11222/wordwrap/-/wordwrap-0.0.2.tgz#b79669bb42ecb409f83d583cad52ca17eaa1643f"

wordwrap@^1.0.0, wordwrap@~1.0.0:
  version "1.0.0"
  resolved "http://10.213.42.227:11222/wordwrap/-/wordwrap-1.0.0.tgz#27584810891456a4171c8d0226441ade90cbcaeb"

wordwrap@~0.0.2:
  version "0.0.3"
  resolved "http://10.213.42.227:11222/wordwrap/-/wordwrap-0.0.3.tgz#a3d5da6cd5c0bc0008d37234bbaf1bed63059107"

wrappy@1:
  version "1.0.2"
  resolved "http://10.213.42.227:11222/wrappy/-/wrappy-1.0.2.tgz#b5243d8f3ec1aa35f1364605bc0d1036e30ab69f"

wrench@1.3.x:
  version "1.3.9"
  resolved "http://10.213.42.227:11222/wrench/-/wrench-1.3.9.tgz#6f13ec35145317eb292ca5f6531391b244111411"

xmlbuilder@^3.1.0:
  version "3.1.0"
  resolved "http://10.213.42.227:11222/xmlbuilder/-/xmlbuilder-3.1.0.tgz#2c86888f2d4eade850fa38ca7f7223f7209516e1"
  dependencies:
    lodash "^3.5.0"

yargs@~3.10.0:
  version "3.10.0"
  resolved "http://10.213.42.227:11222/yargs/-/yargs-3.10.0.tgz#f7ee7bd857dd7c1d2d38c0e74efbd681d1431fd1"
  dependencies:
    camelcase "^1.0.2"
    cliui "^2.1.0"
    decamelize "^1.0.0"
    window-size "0.1.0"
